
Microsoft Visual Studio Solution File, Format Version 12.00
Project("{FAE04EC0-301F-11D3-BF4B-00C04F79EFBC}") = "WebApi1", "WebApi1\WebApi1.csproj", "{4944F4AC-23E7-4645-9A0B-F29091D85428}"
EndProject
Global
	GlobalSection(SolutionConfigurationPlatforms) = preSolution
		Debug|Any CPU = Debug|Any CPU
		Release|Any CPU = Release|Any CPU
	EndGlobalSection
	GlobalSection(ProjectConfigurationPlatforms) = postSolution
		{4944F4AC-23E7-4645-9A0B-F29091D85428}.Debug|Any CPU.ActiveCfg = Debug|Any CPU
		{4944F4AC-23E7-4645-9A0B-F29091D85428}.Debug|Any CPU.Build.0 = Debug|Any CPU
		{4944F4AC-23E7-4645-9A0B-F29091D85428}.Release|Any CPU.ActiveCfg = Release|Any CPU
		{4944F4AC-23E7-4645-9A0B-F29091D85428}.Release|Any CPU.Build.0 = Release|Any CPU
	EndGlobalSection
EndGlobal
